
Microsoft Visual Studio Solution File, Format Version 12.00
# Visual Studio Version 17
VisualStudioVersion = 17.11.35327.3
MinimumVisualStudioVersion = 10.0.40219.1
Project("{FAE04EC0-301F-11D3-BF4B-00C04F79EFBC}") = "Dot-Net-Core-Web-APIs", "Dot-Net-Core-Web-APIs\Dot-Net-Core-Web-APIs.csproj", "{BC3CCE10-A2F6-4041-86A5-FF16D7A41575}"
EndProject
Project("{FAE04EC0-301F-11D3-BF4B-00C04F79EFBC}") = "Contracts", "Contracts\Contracts.csproj", "{36762B51-BAA1-468C-80CB-74FB96667434}"
EndProject
Project("{FAE04EC0-301F-11D3-BF4B-00C04F79EFBC}") = "LoggerService", "LoggerService\LoggerService.csproj", "{086181F7-5061-4B75-A8E5-873C859DFF45}"
EndProject
Project("{FAE04EC0-301F-11D3-BF4B-00C04F79EFBC}") = "Entities", "Entities\Entities.csproj", "{6E28D05E-AA1C-4E48-A879-15C7CABA5B73}"
EndProject
Project("{FAE04EC0-301F-11D3-BF4B-00C04F79EFBC}") = "Repository", "Repository\Repository.csproj", "{5B2247C7-0253-499F-847E-E3D726C07C7E}"
EndProject
Project("{FAE04EC0-301F-11D3-BF4B-00C04F79EFBC}") = "Service.Contracts", "Service.Contracts\Service.Contracts.csproj", "{960E7DDE-EEFD-4BB1-8B6E-7E53BC1377EA}"
EndProject
Project("{FAE04EC0-301F-11D3-BF4B-00C04F79EFBC}") = "Service", "Service\Service.csproj", "{DA17D3AF-F52E-4EF0-B6E1-778BA34637CA}"
EndProject
Project("{FAE04EC0-301F-11D3-BF4B-00C04F79EFBC}") = "DotNetCoreWebAPIs.Presentation", "DotNetCoreWebAPIs.Presentation\DotNetCoreWebAPIs.Presentation.csproj", "{F877B96E-E897-4412-A262-DF60656F473D}"
EndProject
Project("{FAE04EC0-301F-11D3-BF4B-00C04F79EFBC}") = "Shared", "Shared\Shared.csproj", "{A46F1BDA-1FE2-498A-AC5D-3C3FAD130239}"
EndProject
Global
	GlobalSection(SolutionConfigurationPlatforms) = preSolution
		Debug|Any CPU = Debug|Any CPU
		Release|Any CPU = Release|Any CPU
	EndGlobalSection
	GlobalSection(ProjectConfigurationPlatforms) = postSolution
		{BC3CCE10-A2F6-4041-86A5-FF16D7A41575}.Debug|Any CPU.ActiveCfg = Debug|Any CPU
		{BC3CCE10-A2F6-4041-86A5-FF16D7A41575}.Debug|Any CPU.Build.0 = Debug|Any CPU
		{BC3CCE10-A2F6-4041-86A5-FF16D7A41575}.Release|Any CPU.ActiveCfg = Release|Any CPU
		{BC3CCE10-A2F6-4041-86A5-FF16D7A41575}.Release|Any CPU.Build.0 = Release|Any CPU
		{36762B51-BAA1-468C-80CB-74FB96667434}.Debug|Any CPU.ActiveCfg = Debug|Any CPU
		{36762B51-BAA1-468C-80CB-74FB96667434}.Debug|Any CPU.Build.0 = Debug|Any CPU
		{36762B51-BAA1-468C-80CB-74FB96667434}.Release|Any CPU.ActiveCfg = Release|Any CPU
		{36762B51-BAA1-468C-80CB-74FB96667434}.Release|Any CPU.Build.0 = Release|Any CPU
		{086181F7-5061-4B75-A8E5-873C859DFF45}.Debug|Any CPU.ActiveCfg = Debug|Any CPU
		{086181F7-5061-4B75-A8E5-873C859DFF45}.Debug|Any CPU.Build.0 = Debug|Any CPU
		{086181F7-5061-4B75-A8E5-873C859DFF45}.Release|Any CPU.ActiveCfg = Release|Any CPU
		{086181F7-5061-4B75-A8E5-873C859DFF45}.Release|Any CPU.Build.0 = Release|Any CPU
		{6E28D05E-AA1C-4E48-A879-15C7CABA5B73}.Debug|Any CPU.ActiveCfg = Debug|Any CPU
		{6E28D05E-AA1C-4E48-A879-15C7CABA5B73}.Debug|Any CPU.Build.0 = Debug|Any CPU
		{6E28D05E-AA1C-4E48-A879-15C7CABA5B73}.Release|Any CPU.ActiveCfg = Release|Any CPU
		{6E28D05E-AA1C-4E48-A879-15C7CABA5B73}.Release|Any CPU.Build.0 = Release|Any CPU
		{5B2247C7-0253-499F-847E-E3D726C07C7E}.Debug|Any CPU.ActiveCfg = Debug|Any CPU
		{5B2247C7-0253-499F-847E-E3D726C07C7E}.Debug|Any CPU.Build.0 = Debug|Any CPU
		{5B2247C7-0253-499F-847E-E3D726C07C7E}.Release|Any CPU.ActiveCfg = Release|Any CPU
		{5B2247C7-0253-499F-847E-E3D726C07C7E}.Release|Any CPU.Build.0 = Release|Any CPU
		{960E7DDE-EEFD-4BB1-8B6E-7E53BC1377EA}.Debug|Any CPU.ActiveCfg = Debug|Any CPU
		{960E7DDE-EEFD-4BB1-8B6E-7E53BC1377EA}.Debug|Any CPU.Build.0 = Debug|Any CPU
		{960E7DDE-EEFD-4BB1-8B6E-7E53BC1377EA}.Release|Any CPU.ActiveCfg = Release|Any CPU
		{960E7DDE-EEFD-4BB1-8B6E-7E53BC1377EA}.Release|Any CPU.Build.0 = Release|Any CPU
		{DA17D3AF-F52E-4EF0-B6E1-778BA34637CA}.Debug|Any CPU.ActiveCfg = Debug|Any CPU
		{DA17D3AF-F52E-4EF0-B6E1-778BA34637CA}.Debug|Any CPU.Build.0 = Debug|Any CPU
		{DA17D3AF-F52E-4EF0-B6E1-778BA34637CA}.Release|Any CPU.ActiveCfg = Release|Any CPU
		{DA17D3AF-F52E-4EF0-B6E1-778BA34637CA}.Release|Any CPU.Build.0 = Release|Any CPU
		{F877B96E-E897-4412-A262-DF60656F473D}.Debug|Any CPU.ActiveCfg = Debug|Any CPU
		{F877B96E-E897-4412-A262-DF60656F473D}.Debug|Any CPU.Build.0 = Debug|Any CPU
		{F877B96E-E897-4412-A262-DF60656F473D}.Release|Any CPU.ActiveCfg = Release|Any CPU
		{F877B96E-E897-4412-A262-DF60656F473D}.Release|Any CPU.Build.0 = Release|Any CPU
		{A46F1BDA-1FE2-498A-AC5D-3C3FAD130239}.Debug|Any CPU.ActiveCfg = Debug|Any CPU
		{A46F1BDA-1FE2-498A-AC5D-3C3FAD130239}.Debug|Any CPU.Build.0 = Debug|Any CPU
		{A46F1BDA-1FE2-498A-AC5D-3C3FAD130239}.Release|Any CPU.ActiveCfg = Release|Any CPU
		{A46F1BDA-1FE2-498A-AC5D-3C3FAD130239}.Release|Any CPU.Build.0 = Release|Any CPU
	EndGlobalSection
	GlobalSection(SolutionProperties) = preSolution
		HideSolutionNode = FALSE
	EndGlobalSection
	GlobalSection(ExtensibilityGlobals) = postSolution
		SolutionGuid = {A60B4504-99F4-4498-B51D-63D08D5B1881}
	EndGlobalSection
EndGlobal
